
Microsoft Visual Studio Solution File, Format Version 12.00
# Visual Studio Version 16
VisualStudioVersion = 16.0.30204.135
MinimumVisualStudioVersion = 10.0.40219.1
Project("{2150E333-8FDC-42A3-9474-1A3956D46DE8}") = "src", "src", "{53675BBB-30EC-4010-8DEE-78EFC3EF8013}"
EndProject
Project("{2150E333-8FDC-42A3-9474-1A3956D46DE8}") = "test", "test", "{22905A30-08A5-4E1B-BAFC-BAC0D656CA4E}"
EndProject
Project("{9A19103F-16F7-4668-BE54-9A1E7A4F7556}") = "MessageBus.UnitTests", "test\MessageBus.UnitTests.csproj", "{5E206F50-2E01-4386-B722-C087846353DA}"
EndProject
Project("{9A19103F-16F7-4668-BE54-9A1E7A4F7556}") = "MessageBus", "src\MessageBus\MessageBus.csproj", "{277E1F4B-4128-4F70-B397-63249AE3D17C}"
EndProject
Project("{9A19103F-16F7-4668-BE54-9A1E7A4F7556}") = "MessageBus.Messages", "src\MessageBus.Messages\MessageBus.Messages.csproj", "{72AA028D-2A34-4EC0-A1A8-B05E8DFB7C6F}"
EndProject
Project("{FAE04EC0-301F-11D3-BF4B-00C04F79EFBC}") = "MessageBus.TestClient", "MessageBus.TestClient\MessageBus.TestClient.csproj", "{CBD77B3B-6CB7-413F-95D0-B8AA38A45562}"
EndProject
Project("{FAE04EC0-301F-11D3-BF4B-00C04F79EFBC}") = "MessageBus.TestMessages", "MessageBus.TestMessages\MessageBus.TestMessages.csproj", "{8C7B6ADC-5335-47FB-8A59-83A966EFED03}"
EndProject
Global
	GlobalSection(SolutionConfigurationPlatforms) = preSolution
		Debug|Any CPU = Debug|Any CPU
		Release|Any CPU = Release|Any CPU
	EndGlobalSection
	GlobalSection(ProjectConfigurationPlatforms) = postSolution
		{5E206F50-2E01-4386-B722-C087846353DA}.Debug|Any CPU.ActiveCfg = Debug|Any CPU
		{5E206F50-2E01-4386-B722-C087846353DA}.Debug|Any CPU.Build.0 = Debug|Any CPU
		{5E206F50-2E01-4386-B722-C087846353DA}.Release|Any CPU.ActiveCfg = Release|Any CPU
		{5E206F50-2E01-4386-B722-C087846353DA}.Release|Any CPU.Build.0 = Release|Any CPU
		{277E1F4B-4128-4F70-B397-63249AE3D17C}.Debug|Any CPU.ActiveCfg = Debug|Any CPU
		{277E1F4B-4128-4F70-B397-63249AE3D17C}.Debug|Any CPU.Build.0 = Debug|Any CPU
		{277E1F4B-4128-4F70-B397-63249AE3D17C}.Release|Any CPU.ActiveCfg = Release|Any CPU
		{277E1F4B-4128-4F70-B397-63249AE3D17C}.Release|Any CPU.Build.0 = Release|Any CPU
		{72AA028D-2A34-4EC0-A1A8-B05E8DFB7C6F}.Debug|Any CPU.ActiveCfg = Debug|Any CPU
		{72AA028D-2A34-4EC0-A1A8-B05E8DFB7C6F}.Debug|Any CPU.Build.0 = Debug|Any CPU
		{72AA028D-2A34-4EC0-A1A8-B05E8DFB7C6F}.Release|Any CPU.ActiveCfg = Release|Any CPU
		{72AA028D-2A34-4EC0-A1A8-B05E8DFB7C6F}.Release|Any CPU.Build.0 = Release|Any CPU
		{CBD77B3B-6CB7-413F-95D0-B8AA38A45562}.Debug|Any CPU.ActiveCfg = Debug|Any CPU
		{CBD77B3B-6CB7-413F-95D0-B8AA38A45562}.Debug|Any CPU.Build.0 = Debug|Any CPU
		{CBD77B3B-6CB7-413F-95D0-B8AA38A45562}.Release|Any CPU.ActiveCfg = Release|Any CPU
		{CBD77B3B-6CB7-413F-95D0-B8AA38A45562}.Release|Any CPU.Build.0 = Release|Any CPU
		{8C7B6ADC-5335-47FB-8A59-83A966EFED03}.Debug|Any CPU.ActiveCfg = Debug|Any CPU
		{8C7B6ADC-5335-47FB-8A59-83A966EFED03}.Debug|Any CPU.Build.0 = Debug|Any CPU
		{8C7B6ADC-5335-47FB-8A59-83A966EFED03}.Release|Any CPU.ActiveCfg = Release|Any CPU
		{8C7B6ADC-5335-47FB-8A59-83A966EFED03}.Release|Any CPU.Build.0 = Release|Any CPU
	EndGlobalSection
	GlobalSection(SolutionProperties) = preSolution
		HideSolutionNode = FALSE
	EndGlobalSection
	GlobalSection(NestedProjects) = preSolution
		{5E206F50-2E01-4386-B722-C087846353DA} = {22905A30-08A5-4E1B-BAFC-BAC0D656CA4E}
		{277E1F4B-4128-4F70-B397-63249AE3D17C} = {53675BBB-30EC-4010-8DEE-78EFC3EF8013}
		{72AA028D-2A34-4EC0-A1A8-B05E8DFB7C6F} = {53675BBB-30EC-4010-8DEE-78EFC3EF8013}
		{CBD77B3B-6CB7-413F-95D0-B8AA38A45562} = {22905A30-08A5-4E1B-BAFC-BAC0D656CA4E}
		{8C7B6ADC-5335-47FB-8A59-83A966EFED03} = {22905A30-08A5-4E1B-BAFC-BAC0D656CA4E}
	EndGlobalSection
	GlobalSection(ExtensibilityGlobals) = postSolution
		SolutionGuid = {33A55A97-6A20-42B5-91EB-A65E1C6A4DA8}
	EndGlobalSection
EndGlobal
