
Microsoft Visual Studio Solution File, Format Version 12.00
# Visual Studio Version 16
VisualStudioVersion = 16.0.30204.135
MinimumVisualStudioVersion = 10.0.40219.1
Project("{2150E333-8FDC-42A3-9474-1A3956D46DE8}") = "src", "src", "{53675BBB-30EC-4010-8DEE-78EFC3EF8013}"
EndProject
Project("{2150E333-8FDC-42A3-9474-1A3956D46DE8}") = "test", "test", "{22905A30-08A5-4E1B-BAFC-BAC0D656CA4E}"
EndProject
Project("{9A19103F-16F7-4668-BE54-9A1E7A4F7556}") = "MessageBus.UnitTests", "test\MessageBus.UnitTests.csproj", "{5E206F50-2E01-4386-B722-C087846353DA}"
EndProject
Project("{9A19103F-16F7-4668-BE54-9A1E7A4F7556}") = "Worker", "Worker\Worker.csproj", "{5E56D01A-D528-43FB-A309-BC66F7E2D1ED}"
EndProject
Project("{9A19103F-16F7-4668-BE54-9A1E7A4F7556}") = "worker2", "worker2\worker2.csproj", "{34F82A1B-D01E-442D-9812-5AF87FF70667}"
EndProject
Project("{9A19103F-16F7-4668-BE54-9A1E7A4F7556}") = "EventTower", "src\EventTower\EventTower.csproj", "{D291949C-8037-4220-A640-A26C3F2051C5}"
EndProject
Project("{9A19103F-16F7-4668-BE54-9A1E7A4F7556}") = "EventTower.Messages", "src\EventTower.Messages\EventTower.Messages.csproj", "{0267A2D7-3AF0-47D1-8187-445CAE1DF795}"
EndProject
Global
	GlobalSection(SolutionConfigurationPlatforms) = preSolution
		Debug|Any CPU = Debug|Any CPU
		Release|Any CPU = Release|Any CPU
	EndGlobalSection
	GlobalSection(ProjectConfigurationPlatforms) = postSolution
		{5E206F50-2E01-4386-B722-C087846353DA}.Debug|Any CPU.ActiveCfg = Debug|Any CPU
		{5E206F50-2E01-4386-B722-C087846353DA}.Debug|Any CPU.Build.0 = Debug|Any CPU
		{5E206F50-2E01-4386-B722-C087846353DA}.Release|Any CPU.ActiveCfg = Release|Any CPU
		{5E206F50-2E01-4386-B722-C087846353DA}.Release|Any CPU.Build.0 = Release|Any CPU
		{5E56D01A-D528-43FB-A309-BC66F7E2D1ED}.Debug|Any CPU.ActiveCfg = Debug|Any CPU
		{5E56D01A-D528-43FB-A309-BC66F7E2D1ED}.Debug|Any CPU.Build.0 = Debug|Any CPU
		{5E56D01A-D528-43FB-A309-BC66F7E2D1ED}.Release|Any CPU.ActiveCfg = Release|Any CPU
		{5E56D01A-D528-43FB-A309-BC66F7E2D1ED}.Release|Any CPU.Build.0 = Release|Any CPU
		{34F82A1B-D01E-442D-9812-5AF87FF70667}.Debug|Any CPU.ActiveCfg = Debug|Any CPU
		{34F82A1B-D01E-442D-9812-5AF87FF70667}.Debug|Any CPU.Build.0 = Debug|Any CPU
		{34F82A1B-D01E-442D-9812-5AF87FF70667}.Release|Any CPU.ActiveCfg = Release|Any CPU
		{34F82A1B-D01E-442D-9812-5AF87FF70667}.Release|Any CPU.Build.0 = Release|Any CPU
		{D291949C-8037-4220-A640-A26C3F2051C5}.Debug|Any CPU.ActiveCfg = Debug|Any CPU
		{D291949C-8037-4220-A640-A26C3F2051C5}.Debug|Any CPU.Build.0 = Debug|Any CPU
		{D291949C-8037-4220-A640-A26C3F2051C5}.Release|Any CPU.ActiveCfg = Release|Any CPU
		{D291949C-8037-4220-A640-A26C3F2051C5}.Release|Any CPU.Build.0 = Release|Any CPU
		{0267A2D7-3AF0-47D1-8187-445CAE1DF795}.Debug|Any CPU.ActiveCfg = Debug|Any CPU
		{0267A2D7-3AF0-47D1-8187-445CAE1DF795}.Debug|Any CPU.Build.0 = Debug|Any CPU
		{0267A2D7-3AF0-47D1-8187-445CAE1DF795}.Release|Any CPU.ActiveCfg = Release|Any CPU
		{0267A2D7-3AF0-47D1-8187-445CAE1DF795}.Release|Any CPU.Build.0 = Release|Any CPU
	EndGlobalSection
	GlobalSection(SolutionProperties) = preSolution
		HideSolutionNode = FALSE
	EndGlobalSection
	GlobalSection(NestedProjects) = preSolution
		{5E206F50-2E01-4386-B722-C087846353DA} = {22905A30-08A5-4E1B-BAFC-BAC0D656CA4E}
		{D291949C-8037-4220-A640-A26C3F2051C5} = {53675BBB-30EC-4010-8DEE-78EFC3EF8013}
		{0267A2D7-3AF0-47D1-8187-445CAE1DF795} = {53675BBB-30EC-4010-8DEE-78EFC3EF8013}
	EndGlobalSection
	GlobalSection(ExtensibilityGlobals) = postSolution
		SolutionGuid = {33A55A97-6A20-42B5-91EB-A65E1C6A4DA8}
	EndGlobalSection
EndGlobal
